
Microsoft Visual Studio Solution File, Format Version 12.00
Project("{FAE04EC0-301F-11D3-BF4B-00C04F79EFBC}") = "Gambo", "Gambo\Gambo.csproj", "{3A019BA2-C1B4-49C1-B5FE-AC9CC5D52EE8}"
EndProject
Global
	GlobalSection(SolutionConfigurationPlatforms) = preSolution
		Debug|Any CPU = Debug|Any CPU
		Release|Any CPU = Release|Any CPU
	EndGlobalSection
	GlobalSection(ProjectConfigurationPlatforms) = postSolution
		{3A019BA2-C1B4-49C1-B5FE-AC9CC5D52EE8}.Debug|Any CPU.ActiveCfg = Debug|Any CPU
		{3A019BA2-C1B4-49C1-B5FE-AC9CC5D52EE8}.Debug|Any CPU.Build.0 = Debug|Any CPU
		{3A019BA2-C1B4-49C1-B5FE-AC9CC5D52EE8}.Release|Any CPU.ActiveCfg = Release|Any CPU
		{3A019BA2-C1B4-49C1-B5FE-AC9CC5D52EE8}.Release|Any CPU.Build.0 = Release|Any CPU
	EndGlobalSection
EndGlobal
